
Microsoft Visual Studio Solution File, Format Version 12.00
# Visual Studio Version 17
VisualStudioVersion = 17.5.33530.505
MinimumVisualStudioVersion = 10.0.40219.1
Project("{FAE04EC0-301F-11D3-BF4B-00C04F79EFBC}") = "DictionaryTranslator", "DictionaryTranslator\DictionaryTranslator.csproj", "{B0DDADFE-B8DE-4DB7-894B-2A7F196ADAC9}"
EndProject
Global
	GlobalSection(SolutionConfigurationPlatforms) = preSolution
		Debug|Any CPU = Debug|Any CPU
		Release|Any CPU = Release|Any CPU
	EndGlobalSection
	GlobalSection(ProjectConfigurationPlatforms) = postSolution
		{B0DDADFE-B8DE-4DB7-894B-2A7F196ADAC9}.Debug|Any CPU.ActiveCfg = Debug|Any CPU
		{B0DDADFE-B8DE-4DB7-894B-2A7F196ADAC9}.Debug|Any CPU.Build.0 = Debug|Any CPU
		{B0DDADFE-B8DE-4DB7-894B-2A7F196ADAC9}.Release|Any CPU.ActiveCfg = Release|Any CPU
		{B0DDADFE-B8DE-4DB7-894B-2A7F196ADAC9}.Release|Any CPU.Build.0 = Release|Any CPU
	EndGlobalSection
	GlobalSection(SolutionProperties) = preSolution
		HideSolutionNode = FALSE
	EndGlobalSection
	GlobalSection(ExtensibilityGlobals) = postSolution
		SolutionGuid = {8773201A-F425-4825-9323-D7EAC0F55B2F}
	EndGlobalSection
EndGlobal
